
Microsoft Visual Studio Solution File, Format Version 12.00
# Visual Studio 15
VisualStudioVersion = 15.0.27703.2047
MinimumVisualStudioVersion = 10.0.40219.1
Project("{FAE04EC0-301F-11D3-BF4B-00C04F79EFBC}") = "ConsoleApp1", "ConsoleApp1\ConsoleApp1.csproj", "{3248A135-8E93-4F72-ABD7-CDD971BC48BF}"
EndProject
Project("{FAE04EC0-301F-11D3-BF4B-00C04F79EFBC}") = "Practica", "Instrumentos\Practica.csproj", "{9FB960FD-2530-40B2-A241-978DA3C693E0}"
EndProject
Global
	GlobalSection(SolutionConfigurationPlatforms) = preSolution
		Debug|Any CPU = Debug|Any CPU
		Release|Any CPU = Release|Any CPU
	EndGlobalSection
	GlobalSection(ProjectConfigurationPlatforms) = postSolution
		{3248A135-8E93-4F72-ABD7-CDD971BC48BF}.Debug|Any CPU.ActiveCfg = Debug|Any CPU
		{3248A135-8E93-4F72-ABD7-CDD971BC48BF}.Debug|Any CPU.Build.0 = Debug|Any CPU
		{3248A135-8E93-4F72-ABD7-CDD971BC48BF}.Release|Any CPU.ActiveCfg = Release|Any CPU
		{3248A135-8E93-4F72-ABD7-CDD971BC48BF}.Release|Any CPU.Build.0 = Release|Any CPU
		{9FB960FD-2530-40B2-A241-978DA3C693E0}.Debug|Any CPU.ActiveCfg = Debug|Any CPU
		{9FB960FD-2530-40B2-A241-978DA3C693E0}.Debug|Any CPU.Build.0 = Debug|Any CPU
		{9FB960FD-2530-40B2-A241-978DA3C693E0}.Release|Any CPU.ActiveCfg = Release|Any CPU
		{9FB960FD-2530-40B2-A241-978DA3C693E0}.Release|Any CPU.Build.0 = Release|Any CPU
	EndGlobalSection
	GlobalSection(SolutionProperties) = preSolution
		HideSolutionNode = FALSE
	EndGlobalSection
	GlobalSection(ExtensibilityGlobals) = postSolution
		SolutionGuid = {696A1106-C839-4123-812A-1295DFB68349}
	EndGlobalSection
EndGlobal
